
Microsoft Visual Studio Solution File, Format Version 12.00
# Visual Studio 15
VisualStudioVersion = 15.0.28307.572
MinimumVisualStudioVersion = 10.0.40219.1
Project("{FAE04EC0-301F-11D3-BF4B-00C04F79EFBC}") = "RVG", "RVG\RVG.csproj", "{CA042CC0-9DE6-47E4-8505-C7B262F83243}"
EndProject
Project("{FAE04EC0-301F-11D3-BF4B-00C04F79EFBC}") = "UnitTestRVG", "UnitTestRVG\UnitTestRVG.csproj", "{0C6E702D-2099-4033-AF8D-495BA39DA93D}"
EndProject
Global
	GlobalSection(SolutionConfigurationPlatforms) = preSolution
		Debug|ARM = Debug|ARM
		Debug|ARM64 = Debug|ARM64
		Debug|x64 = Debug|x64
		Debug|x86 = Debug|x86
		Release|ARM = Release|ARM
		Release|ARM64 = Release|ARM64
		Release|x64 = Release|x64
		Release|x86 = Release|x86
	EndGlobalSection
	GlobalSection(ProjectConfigurationPlatforms) = postSolution
		{CA042CC0-9DE6-47E4-8505-C7B262F83243}.Debug|ARM.ActiveCfg = Debug|ARM
		{CA042CC0-9DE6-47E4-8505-C7B262F83243}.Debug|ARM.Build.0 = Debug|ARM
		{CA042CC0-9DE6-47E4-8505-C7B262F83243}.Debug|ARM.Deploy.0 = Debug|ARM
		{CA042CC0-9DE6-47E4-8505-C7B262F83243}.Debug|ARM64.ActiveCfg = Debug|ARM64
		{CA042CC0-9DE6-47E4-8505-C7B262F83243}.Debug|ARM64.Build.0 = Debug|ARM64
		{CA042CC0-9DE6-47E4-8505-C7B262F83243}.Debug|ARM64.Deploy.0 = Debug|ARM64
		{CA042CC0-9DE6-47E4-8505-C7B262F83243}.Debug|x64.ActiveCfg = Debug|x64
		{CA042CC0-9DE6-47E4-8505-C7B262F83243}.Debug|x64.Build.0 = Debug|x64
		{CA042CC0-9DE6-47E4-8505-C7B262F83243}.Debug|x64.Deploy.0 = Debug|x64
		{CA042CC0-9DE6-47E4-8505-C7B262F83243}.Debug|x86.ActiveCfg = Debug|x86
		{CA042CC0-9DE6-47E4-8505-C7B262F83243}.Debug|x86.Build.0 = Debug|x86
		{CA042CC0-9DE6-47E4-8505-C7B262F83243}.Debug|x86.Deploy.0 = Debug|x86
		{CA042CC0-9DE6-47E4-8505-C7B262F83243}.Release|ARM.ActiveCfg = Release|ARM
		{CA042CC0-9DE6-47E4-8505-C7B262F83243}.Release|ARM.Build.0 = Release|ARM
		{CA042CC0-9DE6-47E4-8505-C7B262F83243}.Release|ARM.Deploy.0 = Release|ARM
		{CA042CC0-9DE6-47E4-8505-C7B262F83243}.Release|ARM64.ActiveCfg = Release|ARM64
		{CA042CC0-9DE6-47E4-8505-C7B262F83243}.Release|ARM64.Build.0 = Release|ARM64
		{CA042CC0-9DE6-47E4-8505-C7B262F83243}.Release|ARM64.Deploy.0 = Release|ARM64
		{CA042CC0-9DE6-47E4-8505-C7B262F83243}.Release|x64.ActiveCfg = Release|x64
		{CA042CC0-9DE6-47E4-8505-C7B262F83243}.Release|x64.Build.0 = Release|x64
		{CA042CC0-9DE6-47E4-8505-C7B262F83243}.Release|x64.Deploy.0 = Release|x64
		{CA042CC0-9DE6-47E4-8505-C7B262F83243}.Release|x86.ActiveCfg = Release|x86
		{CA042CC0-9DE6-47E4-8505-C7B262F83243}.Release|x86.Build.0 = Release|x86
		{CA042CC0-9DE6-47E4-8505-C7B262F83243}.Release|x86.Deploy.0 = Release|x86
		{0C6E702D-2099-4033-AF8D-495BA39DA93D}.Debug|ARM.ActiveCfg = Debug|ARM
		{0C6E702D-2099-4033-AF8D-495BA39DA93D}.Debug|ARM.Build.0 = Debug|ARM
		{0C6E702D-2099-4033-AF8D-495BA39DA93D}.Debug|ARM.Deploy.0 = Debug|ARM
		{0C6E702D-2099-4033-AF8D-495BA39DA93D}.Debug|ARM64.ActiveCfg = Debug|ARM64
		{0C6E702D-2099-4033-AF8D-495BA39DA93D}.Debug|ARM64.Build.0 = Debug|ARM64
		{0C6E702D-2099-4033-AF8D-495BA39DA93D}.Debug|ARM64.Deploy.0 = Debug|ARM64
		{0C6E702D-2099-4033-AF8D-495BA39DA93D}.Debug|x64.ActiveCfg = Debug|x64
		{0C6E702D-2099-4033-AF8D-495BA39DA93D}.Debug|x64.Build.0 = Debug|x64
		{0C6E702D-2099-4033-AF8D-495BA39DA93D}.Debug|x64.Deploy.0 = Debug|x64
		{0C6E702D-2099-4033-AF8D-495BA39DA93D}.Debug|x86.ActiveCfg = Debug|x86
		{0C6E702D-2099-4033-AF8D-495BA39DA93D}.Debug|x86.Build.0 = Debug|x86
		{0C6E702D-2099-4033-AF8D-495BA39DA93D}.Debug|x86.Deploy.0 = Debug|x86
		{0C6E702D-2099-4033-AF8D-495BA39DA93D}.Release|ARM.ActiveCfg = Release|ARM
		{0C6E702D-2099-4033-AF8D-495BA39DA93D}.Release|ARM.Build.0 = Release|ARM
		{0C6E702D-2099-4033-AF8D-495BA39DA93D}.Release|ARM.Deploy.0 = Release|ARM
		{0C6E702D-2099-4033-AF8D-495BA39DA93D}.Release|ARM64.ActiveCfg = Release|ARM64
		{0C6E702D-2099-4033-AF8D-495BA39DA93D}.Release|ARM64.Build.0 = Release|ARM64
		{0C6E702D-2099-4033-AF8D-495BA39DA93D}.Release|ARM64.Deploy.0 = Release|ARM64
		{0C6E702D-2099-4033-AF8D-495BA39DA93D}.Release|x64.ActiveCfg = Release|x64
		{0C6E702D-2099-4033-AF8D-495BA39DA93D}.Release|x64.Build.0 = Release|x64
		{0C6E702D-2099-4033-AF8D-495BA39DA93D}.Release|x64.Deploy.0 = Release|x64
		{0C6E702D-2099-4033-AF8D-495BA39DA93D}.Release|x86.ActiveCfg = Release|x86
		{0C6E702D-2099-4033-AF8D-495BA39DA93D}.Release|x86.Build.0 = Release|x86
		{0C6E702D-2099-4033-AF8D-495BA39DA93D}.Release|x86.Deploy.0 = Release|x86
	EndGlobalSection
	GlobalSection(SolutionProperties) = preSolution
		HideSolutionNode = FALSE
	EndGlobalSection
	GlobalSection(ExtensibilityGlobals) = postSolution
		SolutionGuid = {AAECE32D-47F9-44E5-A366-69857535D199}
	EndGlobalSection
EndGlobal
